
Microsoft Visual Studio Solution File, Format Version 12.00
# Visual Studio Version 16
VisualStudioVersion = 16.0.30907.101
MinimumVisualStudioVersion = 10.0.40219.1
Project("{2150E333-8FDC-42A3-9474-1A3956D46DE8}") = "src", "src", "{4DF45282-225A-4459-98F8-446E2AA6CED5}"
EndProject
Project("{2150E333-8FDC-42A3-9474-1A3956D46DE8}") = "BuildingBlocks", "BuildingBlocks", "{1B006199-1A60-47B2-888E-79313753CA7D}"
EndProject
Project("{2150E333-8FDC-42A3-9474-1A3956D46DE8}") = "Services", "Services", "{8AEB92B0-62FA-4206-A14A-A3BEC681E2E1}"
EndProject
Project("{2150E333-8FDC-42A3-9474-1A3956D46DE8}") = "Web", "Web", "{80A3781B-1BCC-40F8-B279-369B01577B7F}"
EndProject
Project("{2150E333-8FDC-42A3-9474-1A3956D46DE8}") = "Identity", "Identity", "{C5B0A601-1278-49D1-BEB6-CAF56EB617EB}"
EndProject
Project("{9A19103F-16F7-4668-BE54-9A1E7A4F7556}") = "NS.Identity.API", "src\Services\NS.Identity.API\NS.Identity.API.csproj", "{24F1BBE2-2879-4883-A082-5F32573CF7F1}"
EndProject
Project("{2150E333-8FDC-42A3-9474-1A3956D46DE8}") = "MVC", "MVC", "{5FBE14A0-CE9B-4406-8013-06BCF4764A73}"
EndProject
Project("{9A19103F-16F7-4668-BE54-9A1E7A4F7556}") = "NS.WebApp.MVC", "src\Web\NS.WebApp.MVC\NS.WebApp.MVC.csproj", "{69B37E1D-44A2-4264-A758-2A689ED16610}"
EndProject
Project("{2150E333-8FDC-42A3-9474-1A3956D46DE8}") = "Core", "Core", "{8F36B18C-A0DB-4A2B-9FF2-A2B2A9F45DCB}"
EndProject
Project("{9A19103F-16F7-4668-BE54-9A1E7A4F7556}") = "NS.Core", "src\BuildingBlocks\NS.Core\NS.Core.csproj", "{7A35CE07-3B8E-4B06-A25B-101B4C4DB941}"
EndProject
Project("{2150E333-8FDC-42A3-9474-1A3956D46DE8}") = "Cart", "Cart", "{CFAE3069-BB7C-42EC-ADA5-675549190E36}"
EndProject
Project("{2150E333-8FDC-42A3-9474-1A3956D46DE8}") = "Catalog", "Catalog", "{EA63430F-53C1-4663-A6EB-F8A3E4142A79}"
EndProject
Project("{2150E333-8FDC-42A3-9474-1A3956D46DE8}") = "Client", "Client", "{2A709918-CDB0-4E42-BAB4-5DDF30FB1FC3}"
EndProject
Project("{2150E333-8FDC-42A3-9474-1A3956D46DE8}") = "Payment", "Payment", "{377CD218-1A1E-4302-9043-EB442DFF69CD}"
EndProject
Project("{2150E333-8FDC-42A3-9474-1A3956D46DE8}") = "Order", "Order", "{B77CF6A8-8B0E-41DF-B398-AAA5CAFB2BAB}"
EndProject
Project("{9A19103F-16F7-4668-BE54-9A1E7A4F7556}") = "NS.Cart.API", "src\Services\NS.Cart.API\NS.Cart.API.csproj", "{0FDAC940-C18C-45C7-8840-CECCA9BDE183}"
EndProject
Project("{9A19103F-16F7-4668-BE54-9A1E7A4F7556}") = "NS.Catalog.API", "src\Services\NS.Catalog.API\NS.Catalog.API.csproj", "{53662D17-FB8F-4E51-8C6D-99811722B3A1}"
EndProject
Project("{9A19103F-16F7-4668-BE54-9A1E7A4F7556}") = "NS.Order.API", "src\Services\NS.Order.API\NS.Order.API.csproj", "{67E7E96D-3CA7-4EA4-A311-1C610DBD345A}"
EndProject
Project("{9A19103F-16F7-4668-BE54-9A1E7A4F7556}") = "NS.Payment.API", "src\Services\NS.Payment.API\NS.Payment.API.csproj", "{41FF30B9-C767-4D8D-A2B1-56C205AD2245}"
EndProject
Project("{2150E333-8FDC-42A3-9474-1A3956D46DE8}") = "Services", "Services", "{C09876C8-A2D1-4945-B6AA-864C55CE1459}"
EndProject
Project("{9A19103F-16F7-4668-BE54-9A1E7A4F7556}") = "NS.WebApi.Core", "src\BuildingBlocks\NS.WebApi.Core\NS.WebApi.Core.csproj", "{D1E43519-09E6-4BE3-8CA2-E75E21A218C9}"
EndProject
Project("{9A19103F-16F7-4668-BE54-9A1E7A4F7556}") = "NS.Clients.API", "src\Services\NS.Clients.API\NS.Clients.API.csproj", "{B1DF4DF4-3269-404F-B3CE-81DA13945973}"
EndProject
Project("{2150E333-8FDC-42A3-9474-1A3956D46DE8}") = "MessageBus", "MessageBus", "{AF2D7704-187E-459A-A503-7501AA014F91}"
EndProject
Project("{9A19103F-16F7-4668-BE54-9A1E7A4F7556}") = "NS.MessageBus", "src\BuildingBlocks\NS.MessageBus\NS.MessageBus.csproj", "{50948B0B-3287-4CBF-93EE-BE34C7813173}"
EndProject
Project("{2150E333-8FDC-42A3-9474-1A3956D46DE8}") = "ApiGateways", "ApiGateways", "{6B9C5F5F-9EA8-4990-AD7E-43CDAA7D2476}"
EndProject
Project("{2150E333-8FDC-42A3-9474-1A3956D46DE8}") = "Purchases", "Purchases", "{6AF9B92C-D216-4EE9-B1F2-5F4633E01026}"
EndProject
Project("{FAE04EC0-301F-11D3-BF4B-00C04F79EFBC}") = "NS.Bff.Purchases", "src\ApiGateways\NS.Bff.Purchases\NS.Bff.Purchases.csproj", "{5B09938F-C049-4867-B468-E4D7A98C6D04}"
EndProject
Global
	GlobalSection(SolutionConfigurationPlatforms) = preSolution
		Debug|Any CPU = Debug|Any CPU
		Release|Any CPU = Release|Any CPU
	EndGlobalSection
	GlobalSection(ProjectConfigurationPlatforms) = postSolution
		{24F1BBE2-2879-4883-A082-5F32573CF7F1}.Debug|Any CPU.ActiveCfg = Debug|Any CPU
		{24F1BBE2-2879-4883-A082-5F32573CF7F1}.Debug|Any CPU.Build.0 = Debug|Any CPU
		{24F1BBE2-2879-4883-A082-5F32573CF7F1}.Release|Any CPU.ActiveCfg = Release|Any CPU
		{24F1BBE2-2879-4883-A082-5F32573CF7F1}.Release|Any CPU.Build.0 = Release|Any CPU
		{69B37E1D-44A2-4264-A758-2A689ED16610}.Debug|Any CPU.ActiveCfg = Debug|Any CPU
		{69B37E1D-44A2-4264-A758-2A689ED16610}.Debug|Any CPU.Build.0 = Debug|Any CPU
		{69B37E1D-44A2-4264-A758-2A689ED16610}.Release|Any CPU.ActiveCfg = Release|Any CPU
		{69B37E1D-44A2-4264-A758-2A689ED16610}.Release|Any CPU.Build.0 = Release|Any CPU
		{7A35CE07-3B8E-4B06-A25B-101B4C4DB941}.Debug|Any CPU.ActiveCfg = Debug|Any CPU
		{7A35CE07-3B8E-4B06-A25B-101B4C4DB941}.Debug|Any CPU.Build.0 = Debug|Any CPU
		{7A35CE07-3B8E-4B06-A25B-101B4C4DB941}.Release|Any CPU.ActiveCfg = Release|Any CPU
		{7A35CE07-3B8E-4B06-A25B-101B4C4DB941}.Release|Any CPU.Build.0 = Release|Any CPU
		{0FDAC940-C18C-45C7-8840-CECCA9BDE183}.Debug|Any CPU.ActiveCfg = Debug|Any CPU
		{0FDAC940-C18C-45C7-8840-CECCA9BDE183}.Debug|Any CPU.Build.0 = Debug|Any CPU
		{0FDAC940-C18C-45C7-8840-CECCA9BDE183}.Release|Any CPU.ActiveCfg = Release|Any CPU
		{0FDAC940-C18C-45C7-8840-CECCA9BDE183}.Release|Any CPU.Build.0 = Release|Any CPU
		{53662D17-FB8F-4E51-8C6D-99811722B3A1}.Debug|Any CPU.ActiveCfg = Debug|Any CPU
		{53662D17-FB8F-4E51-8C6D-99811722B3A1}.Debug|Any CPU.Build.0 = Debug|Any CPU
		{53662D17-FB8F-4E51-8C6D-99811722B3A1}.Release|Any CPU.ActiveCfg = Release|Any CPU
		{53662D17-FB8F-4E51-8C6D-99811722B3A1}.Release|Any CPU.Build.0 = Release|Any CPU
		{67E7E96D-3CA7-4EA4-A311-1C610DBD345A}.Debug|Any CPU.ActiveCfg = Debug|Any CPU
		{67E7E96D-3CA7-4EA4-A311-1C610DBD345A}.Debug|Any CPU.Build.0 = Debug|Any CPU
		{67E7E96D-3CA7-4EA4-A311-1C610DBD345A}.Release|Any CPU.ActiveCfg = Release|Any CPU
		{67E7E96D-3CA7-4EA4-A311-1C610DBD345A}.Release|Any CPU.Build.0 = Release|Any CPU
		{41FF30B9-C767-4D8D-A2B1-56C205AD2245}.Debug|Any CPU.ActiveCfg = Debug|Any CPU
		{41FF30B9-C767-4D8D-A2B1-56C205AD2245}.Debug|Any CPU.Build.0 = Debug|Any CPU
		{41FF30B9-C767-4D8D-A2B1-56C205AD2245}.Release|Any CPU.ActiveCfg = Release|Any CPU
		{41FF30B9-C767-4D8D-A2B1-56C205AD2245}.Release|Any CPU.Build.0 = Release|Any CPU
		{D1E43519-09E6-4BE3-8CA2-E75E21A218C9}.Debug|Any CPU.ActiveCfg = Debug|Any CPU
		{D1E43519-09E6-4BE3-8CA2-E75E21A218C9}.Debug|Any CPU.Build.0 = Debug|Any CPU
		{D1E43519-09E6-4BE3-8CA2-E75E21A218C9}.Release|Any CPU.ActiveCfg = Release|Any CPU
		{D1E43519-09E6-4BE3-8CA2-E75E21A218C9}.Release|Any CPU.Build.0 = Release|Any CPU
		{B1DF4DF4-3269-404F-B3CE-81DA13945973}.Debug|Any CPU.ActiveCfg = Debug|Any CPU
		{B1DF4DF4-3269-404F-B3CE-81DA13945973}.Debug|Any CPU.Build.0 = Debug|Any CPU
		{B1DF4DF4-3269-404F-B3CE-81DA13945973}.Release|Any CPU.ActiveCfg = Release|Any CPU
		{B1DF4DF4-3269-404F-B3CE-81DA13945973}.Release|Any CPU.Build.0 = Release|Any CPU
		{50948B0B-3287-4CBF-93EE-BE34C7813173}.Debug|Any CPU.ActiveCfg = Debug|Any CPU
		{50948B0B-3287-4CBF-93EE-BE34C7813173}.Debug|Any CPU.Build.0 = Debug|Any CPU
		{50948B0B-3287-4CBF-93EE-BE34C7813173}.Release|Any CPU.ActiveCfg = Release|Any CPU
		{50948B0B-3287-4CBF-93EE-BE34C7813173}.Release|Any CPU.Build.0 = Release|Any CPU
		{5B09938F-C049-4867-B468-E4D7A98C6D04}.Debug|Any CPU.ActiveCfg = Debug|Any CPU
		{5B09938F-C049-4867-B468-E4D7A98C6D04}.Debug|Any CPU.Build.0 = Debug|Any CPU
		{5B09938F-C049-4867-B468-E4D7A98C6D04}.Release|Any CPU.ActiveCfg = Release|Any CPU
		{5B09938F-C049-4867-B468-E4D7A98C6D04}.Release|Any CPU.Build.0 = Release|Any CPU
	EndGlobalSection
	GlobalSection(SolutionProperties) = preSolution
		HideSolutionNode = FALSE
	EndGlobalSection
	GlobalSection(NestedProjects) = preSolution
		{1B006199-1A60-47B2-888E-79313753CA7D} = {4DF45282-225A-4459-98F8-446E2AA6CED5}
		{8AEB92B0-62FA-4206-A14A-A3BEC681E2E1} = {4DF45282-225A-4459-98F8-446E2AA6CED5}
		{80A3781B-1BCC-40F8-B279-369B01577B7F} = {4DF45282-225A-4459-98F8-446E2AA6CED5}
		{C5B0A601-1278-49D1-BEB6-CAF56EB617EB} = {8AEB92B0-62FA-4206-A14A-A3BEC681E2E1}
		{24F1BBE2-2879-4883-A082-5F32573CF7F1} = {C5B0A601-1278-49D1-BEB6-CAF56EB617EB}
		{5FBE14A0-CE9B-4406-8013-06BCF4764A73} = {80A3781B-1BCC-40F8-B279-369B01577B7F}
		{69B37E1D-44A2-4264-A758-2A689ED16610} = {5FBE14A0-CE9B-4406-8013-06BCF4764A73}
		{8F36B18C-A0DB-4A2B-9FF2-A2B2A9F45DCB} = {1B006199-1A60-47B2-888E-79313753CA7D}
		{7A35CE07-3B8E-4B06-A25B-101B4C4DB941} = {8F36B18C-A0DB-4A2B-9FF2-A2B2A9F45DCB}
		{CFAE3069-BB7C-42EC-ADA5-675549190E36} = {8AEB92B0-62FA-4206-A14A-A3BEC681E2E1}
		{EA63430F-53C1-4663-A6EB-F8A3E4142A79} = {8AEB92B0-62FA-4206-A14A-A3BEC681E2E1}
		{2A709918-CDB0-4E42-BAB4-5DDF30FB1FC3} = {8AEB92B0-62FA-4206-A14A-A3BEC681E2E1}
		{377CD218-1A1E-4302-9043-EB442DFF69CD} = {8AEB92B0-62FA-4206-A14A-A3BEC681E2E1}
		{B77CF6A8-8B0E-41DF-B398-AAA5CAFB2BAB} = {8AEB92B0-62FA-4206-A14A-A3BEC681E2E1}
		{0FDAC940-C18C-45C7-8840-CECCA9BDE183} = {CFAE3069-BB7C-42EC-ADA5-675549190E36}
		{53662D17-FB8F-4E51-8C6D-99811722B3A1} = {EA63430F-53C1-4663-A6EB-F8A3E4142A79}
		{67E7E96D-3CA7-4EA4-A311-1C610DBD345A} = {B77CF6A8-8B0E-41DF-B398-AAA5CAFB2BAB}
		{41FF30B9-C767-4D8D-A2B1-56C205AD2245} = {377CD218-1A1E-4302-9043-EB442DFF69CD}
		{C09876C8-A2D1-4945-B6AA-864C55CE1459} = {1B006199-1A60-47B2-888E-79313753CA7D}
		{D1E43519-09E6-4BE3-8CA2-E75E21A218C9} = {C09876C8-A2D1-4945-B6AA-864C55CE1459}
		{B1DF4DF4-3269-404F-B3CE-81DA13945973} = {2A709918-CDB0-4E42-BAB4-5DDF30FB1FC3}
		{AF2D7704-187E-459A-A503-7501AA014F91} = {1B006199-1A60-47B2-888E-79313753CA7D}
		{50948B0B-3287-4CBF-93EE-BE34C7813173} = {AF2D7704-187E-459A-A503-7501AA014F91}
		{6B9C5F5F-9EA8-4990-AD7E-43CDAA7D2476} = {4DF45282-225A-4459-98F8-446E2AA6CED5}
		{6AF9B92C-D216-4EE9-B1F2-5F4633E01026} = {6B9C5F5F-9EA8-4990-AD7E-43CDAA7D2476}
		{5B09938F-C049-4867-B468-E4D7A98C6D04} = {6AF9B92C-D216-4EE9-B1F2-5F4633E01026}
	EndGlobalSection
	GlobalSection(ExtensibilityGlobals) = postSolution
		SolutionGuid = {3C298F1E-9B5A-4AA1-BA7B-16EE0D6E0B0A}
	EndGlobalSection
EndGlobal
